
Microsoft Visual Studio Solution File, Format Version 12.00
# Visual Studio Version 17
VisualStudioVersion = 17.3.32901.215
MinimumVisualStudioVersion = 10.0.40219.1
Project("{FAE04EC0-301F-11D3-BF4B-00C04F79EFBC}") = "Lib_LN_Factura", "Lib_LN_Factura\Lib_LN_Factura.csproj", "{61DB3E00-817A-4FB9-957E-997102A76ED0}"
EndProject
Global
	GlobalSection(SolutionConfigurationPlatforms) = preSolution
		Debug|Any CPU = Debug|Any CPU
		Release|Any CPU = Release|Any CPU
	EndGlobalSection
	GlobalSection(ProjectConfigurationPlatforms) = postSolution
		{61DB3E00-817A-4FB9-957E-997102A76ED0}.Debug|Any CPU.ActiveCfg = Debug|Any CPU
		{61DB3E00-817A-4FB9-957E-997102A76ED0}.Debug|Any CPU.Build.0 = Debug|Any CPU
		{61DB3E00-817A-4FB9-957E-997102A76ED0}.Release|Any CPU.ActiveCfg = Release|Any CPU
		{61DB3E00-817A-4FB9-957E-997102A76ED0}.Release|Any CPU.Build.0 = Release|Any CPU
	EndGlobalSection
	GlobalSection(SolutionProperties) = preSolution
		HideSolutionNode = FALSE
	EndGlobalSection
	GlobalSection(ExtensibilityGlobals) = postSolution
		SolutionGuid = {51CDD755-0DCA-4726-AEAD-25D326B77104}
	EndGlobalSection
EndGlobal
